{
  "name": "@kyyinfinite/sdk",
  "version": "0.1.0",
  "lockfileVersion": 3,
  "requires": true,
  "packages": {
    "": {
      "name": "@kyyinfinite/sdk",
      "version": "0.1.0",
      "license": "MIT",
      "bin": {
        "kyyinfinite": "bin/kyyinfinite.js"
      },
      "engines": {
        "node": ">=18"
      }
    }
  }
}
